Microsoft Visual Studio Solution File, Format Version 12.00
# Visual Studio Version 17
VisualStudioVersion = 17.5.2.0
MinimumVisualStudioVersion = 10.0.40219.1
Project("{FAE04EC0-301F-11D3-BF4B-00C04F79EFBC}") = "MeOrg", "MeOrg\MeOrg.csproj", "{CE6EA2F6-6C5C-5C50-6AEF-9FF4153C564F}"
EndProject
Project("{FAE04EC0-301F-11D3-BF4B-00C04F79EFBC}") = "MeOrg.Tests", "MeOrg.Tests\MeOrg.Tests.csproj", "{C897D257-8A7F-5C50-BB4C-EB3BBA9A8647}"
EndProject
Global
	GlobalSection(SolutionConfigurationPlatforms) = preSolution
		Debug|Any CPU = Debug|Any CPU
		Release|Any CPU = Release|Any CPU
	EndGlobalSection
	GlobalSection(ProjectConfigurationPlatforms) = postSolution
		{CE6EA2F6-6C5C-5C50-6AEF-9FF4153C564F}.Debug|Any CPU.ActiveCfg = Debug|Any CPU
		{CE6EA2F6-6C5C-5C50-6AEF-9FF4153C564F}.Debug|Any CPU.Build.0 = Debug|Any CPU
		{CE6EA2F6-6C5C-5C50-6AEF-9FF4153C564F}.Release|Any CPU.ActiveCfg = Release|Any CPU
		{CE6EA2F6-6C5C-5C50-6AEF-9FF4153C564F}.Release|Any CPU.Build.0 = Release|Any CPU
		{C897D257-8A7F-5C50-BB4C-EB3BBA9A8647}.Debug|Any CPU.ActiveCfg = Debug|Any CPU
		{C897D257-8A7F-5C50-BB4C-EB3BBA9A8647}.Debug|Any CPU.Build.0 = Debug|Any CPU
		{C897D257-8A7F-5C50-BB4C-EB3BBA9A8647}.Release|Any CPU.ActiveCfg = Release|Any CPU
		{C897D257-8A7F-5C50-BB4C-EB3BBA9A8647}.Release|Any CPU.Build.0 = Release|Any CPU
	EndGlobalSection
	GlobalSection(SolutionProperties) = preSolution
		HideSolutionNode = FALSE
	EndGlobalSection
	GlobalSection(ExtensibilityGlobals) = postSolution
		SolutionGuid = {2D0C6A04-A0CA-4F6A-9DDE-9A11E1782A9E}
	EndGlobalSection
EndGlobal
